
Microsoft Visual Studio Solution File, Format Version 12.00
# Visual Studio Version 17
VisualStudioVersion = 17.11.35208.52
MinimumVisualStudioVersion = 10.0.40219.1
Project("{9A19103F-16F7-4668-BE54-9A1E7A4F7556}") = "DesignPattern.Sigleton", "DesignPattern.Sigleton\DesignPattern.Sigleton.csproj", "{9F98025F-9A08-40B1-BB04-46573EEB18CC}"
EndProject
Project("{9A19103F-16F7-4668-BE54-9A1E7A4F7556}") = "DesignPattern.Prototype", "DesignPattern.Prototype\DesignPattern.Prototype.csproj", "{AB4DA5CE-A073-49CF-A262-13B9E74E665A}"
EndProject
Project("{9A19103F-16F7-4668-BE54-9A1E7A4F7556}") = "DesignPattern.Builder", "DesignPattern.Builder\DesignPattern.Builder.csproj", "{A9C93297-11FE-41F9-8F05-BE10A2937065}"
EndProject
Project("{9A19103F-16F7-4668-BE54-9A1E7A4F7556}") = "DesignPattern.FactoryMethod", "DesignPattern.FactoryMethod\DesignPattern.FactoryMethod.csproj", "{466FCE9A-5AD0-45BB-88EF-C0018F49BFCA}"
EndProject
Project("{9A19103F-16F7-4668-BE54-9A1E7A4F7556}") = "DesignPattern.AbstractFactory", "DesignPattern.AbstractFactory\DesignPattern.AbstractFactory.csproj", "{2E1EB8D8-2295-4AE4-8B05-B6D3AE269AE2}"
EndProject
Project("{FAE04EC0-301F-11D3-BF4B-00C04F79EFBC}") = "DesignPattern.Proxy", "DesignPattern.Proxy\DesignPattern.Proxy.csproj", "{81FA82DB-10BD-4359-B6C8-7748144CEEFC}"
EndProject
Project("{FAE04EC0-301F-11D3-BF4B-00C04F79EFBC}") = "DesignPattern.Decorator", "DesignPattern.Decorator\DesignPattern.Decorator.csproj", "{022D2432-1597-451D-A51D-FE7F85BAD75F}"
EndProject
Global
	GlobalSection(SolutionConfigurationPlatforms) = preSolution
		Debug|Any CPU = Debug|Any CPU
		Release|Any CPU = Release|Any CPU
	EndGlobalSection
	GlobalSection(ProjectConfigurationPlatforms) = postSolution
		{9F98025F-9A08-40B1-BB04-46573EEB18CC}.Debug|Any CPU.ActiveCfg = Debug|Any CPU
		{9F98025F-9A08-40B1-BB04-46573EEB18CC}.Debug|Any CPU.Build.0 = Debug|Any CPU
		{9F98025F-9A08-40B1-BB04-46573EEB18CC}.Release|Any CPU.ActiveCfg = Release|Any CPU
		{9F98025F-9A08-40B1-BB04-46573EEB18CC}.Release|Any CPU.Build.0 = Release|Any CPU
		{AB4DA5CE-A073-49CF-A262-13B9E74E665A}.Debug|Any CPU.ActiveCfg = Debug|Any CPU
		{AB4DA5CE-A073-49CF-A262-13B9E74E665A}.Debug|Any CPU.Build.0 = Debug|Any CPU
		{AB4DA5CE-A073-49CF-A262-13B9E74E665A}.Release|Any CPU.ActiveCfg = Release|Any CPU
		{AB4DA5CE-A073-49CF-A262-13B9E74E665A}.Release|Any CPU.Build.0 = Release|Any CPU
		{A9C93297-11FE-41F9-8F05-BE10A2937065}.Debug|Any CPU.ActiveCfg = Debug|Any CPU
		{A9C93297-11FE-41F9-8F05-BE10A2937065}.Debug|Any CPU.Build.0 = Debug|Any CPU
		{A9C93297-11FE-41F9-8F05-BE10A2937065}.Release|Any CPU.ActiveCfg = Release|Any CPU
		{A9C93297-11FE-41F9-8F05-BE10A2937065}.Release|Any CPU.Build.0 = Release|Any CPU
		{466FCE9A-5AD0-45BB-88EF-C0018F49BFCA}.Debug|Any CPU.ActiveCfg = Debug|Any CPU
		{466FCE9A-5AD0-45BB-88EF-C0018F49BFCA}.Debug|Any CPU.Build.0 = Debug|Any CPU
		{466FCE9A-5AD0-45BB-88EF-C0018F49BFCA}.Release|Any CPU.ActiveCfg = Release|Any CPU
		{466FCE9A-5AD0-45BB-88EF-C0018F49BFCA}.Release|Any CPU.Build.0 = Release|Any CPU
		{2E1EB8D8-2295-4AE4-8B05-B6D3AE269AE2}.Debug|Any CPU.ActiveCfg = Debug|Any CPU
		{2E1EB8D8-2295-4AE4-8B05-B6D3AE269AE2}.Debug|Any CPU.Build.0 = Debug|Any CPU
		{2E1EB8D8-2295-4AE4-8B05-B6D3AE269AE2}.Release|Any CPU.ActiveCfg = Release|Any CPU
		{2E1EB8D8-2295-4AE4-8B05-B6D3AE269AE2}.Release|Any CPU.Build.0 = Release|Any CPU
		{81FA82DB-10BD-4359-B6C8-7748144CEEFC}.Debug|Any CPU.ActiveCfg = Debug|Any CPU
		{81FA82DB-10BD-4359-B6C8-7748144CEEFC}.Debug|Any CPU.Build.0 = Debug|Any CPU
		{81FA82DB-10BD-4359-B6C8-7748144CEEFC}.Release|Any CPU.ActiveCfg = Release|Any CPU
		{81FA82DB-10BD-4359-B6C8-7748144CEEFC}.Release|Any CPU.Build.0 = Release|Any CPU
		{022D2432-1597-451D-A51D-FE7F85BAD75F}.Debug|Any CPU.ActiveCfg = Debug|Any CPU
		{022D2432-1597-451D-A51D-FE7F85BAD75F}.Debug|Any CPU.Build.0 = Debug|Any CPU
		{022D2432-1597-451D-A51D-FE7F85BAD75F}.Release|Any CPU.ActiveCfg = Release|Any CPU
		{022D2432-1597-451D-A51D-FE7F85BAD75F}.Release|Any CPU.Build.0 = Release|Any CPU
	EndGlobalSection
	GlobalSection(SolutionProperties) = preSolution
		HideSolutionNode = FALSE
	EndGlobalSection
	GlobalSection(ExtensibilityGlobals) = postSolution
		SolutionGuid = {8C6DA454-3771-4477-AC69-E0F0B8F76891}
	EndGlobalSection
EndGlobal
